<?xml version="1.0" encoding="utf-8"?>
<Project ToolsVersion="4.0" xmlns="http://schemas.microsoft.com/developer/msbuild/2003">
  <ItemGroup>
    <ClInclude Include="lazyimporter.h">
      <Filter>Header Files\utilities</Filter>
    </ClInclude>
    <ClInclude Include="Offsets.h">
      <Filter>Header Files\utilities</Filter>
    </ClInclude>
    <ClInclude Include="vector3d.h">
      <Filter>Header Files</Filter>
    </ClInclude>
    <ClInclude Include="SDK.h">
      <Filter>Header Files\utilities</Filter>
    </ClInclude>
    <ClInclude Include="Defines.h">
      <Filter>Header Files\utilities</Filter>
    </ClInclude>
    <ClInclude Include="xor.h">
      <Filter>Header Files\utilities</Filter>
    </ClInclude>
    <ClInclude Include="imgui\imgui_impl_dx11.h">
      <Filter>imgui</Filter>
    </ClInclude>
    <ClInclude Include="imgui\imgui_internal.h">
      <Filter>imgui</Filter>
    </ClInclude>
    <ClInclude Include="imgui\stb_rect_pack.h">
      <Filter>imgui</Filter>
    </ClInclude>
    <ClInclude Include="imgui\stb_textedit.h">
      <Filter>imgui</Filter>
    </ClInclude>
    <ClInclude Include="imgui\stb_truetype.h">
      <Filter>imgui</Filter>
    </ClInclude>
    <ClInclude Include="imgui\imgui.h">
      <Filter>imgui</Filter>
    </ClInclude>
    <ClInclude Include="Loot.h">
      <Filter>Loops</Filter>
    </ClInclude>
    <ClInclude Include="custom_runtimes.h">
      <Filter>Header Files\utilities</Filter>
    </ClInclude>
  </ItemGroup>
  <ItemGroup>
    <Filter Include="Header Files">
      <UniqueIdentifier>{0939992f-23d2-49a3-a15f-7a7bcb6b9266}</UniqueIdentifier>
    </Filter>
    <Filter Include="Source Files">
      <UniqueIdentifier>{221c50a8-d81b-49a8-a0db-12aacad4c3ee}</UniqueIdentifier>
    </Filter>
    <Filter Include="Header Files\utilities">
      <UniqueIdentifier>{e64eea19-95d5-44e4-8ba6-e35f56748c52}</UniqueIdentifier>
    </Filter>
    <Filter Include="Memory">
      <UniqueIdentifier>{31d9e1ba-393d-490a-993f-d6aff1e34b6c}</UniqueIdentifier>
    </Filter>
    <Filter Include="imgui">
      <UniqueIdentifier>{f4b7596a-8e2e-45c5-aa14-0102719804cd}</UniqueIdentifier>
    </Filter>
    <Filter Include="Loops">
      <UniqueIdentifier>{a0863298-795d-45b0-af60-3482fea09c48}</UniqueIdentifier>
    </Filter>
  </ItemGroup>
  <ItemGroup>
    <ClCompile Include="dllmain.cpp">
      <Filter>Source Files</Filter>
    </ClCompile>
    <ClCompile Include="vector3d.cpp">
      <Filter>Source Files</Filter>
    </ClCompile>
    <ClCompile Include="imgui\imgui_impl_dx11.cpp">
      <Filter>imgui</Filter>
    </ClCompile>
    <ClCompile Include="imgui\imgui.cpp">
      <Filter>imgui</Filter>
    </ClCompile>
    <ClCompile Include="imgui\imgui_draw.cpp">
      <Filter>imgui</Filter>
    </ClCompile>
    <ClCompile Include="custom_runtimes.cpp">
      <Filter>Header Files\utilities</Filter>
    </ClCompile>
  </ItemGroup>
  <ItemGroup>
    <MASM Include="shell.asm">
      <Filter>Header Files\utilities</Filter>
    </MASM>
    <MASM Include="NtUserSendInput.asm">
      <Filter>Header Files\utilities</Filter>
    </MASM>
  </ItemGroup>
</Project>